// !$*UTF8*$!
{
	archiveVersion = 1;
	classes = {
	};
	objectVersion = 46;
	objects = {

/* Begin PBXBuildFile section */
		457D76C71B25407A00F1A57F /* clock.bmp in Resources */ = {isa = PBXBuildFile; fileRef = 457D76C61B25407A00F1A57F /* clock.bmp */; };
		457D76C91B2540CC00F1A57F /* clock.png in Resources */ = {isa = PBXBuildFile; fileRef = 457D76C81B2540CC00F1A57F /* clock.png */; };
		45B168EB1B1D42C70011431F /* AppDelegate.swift in Sources */ = {isa = PBXBuildFile; fileRef = 45B168EA1B1D42C70011431F /* AppDelegate.swift */; };
		45B168ED1B1D42C70011431F /* ViewController.swift in Sources */ = {isa = PBXBuildFile; fileRef = 45B168EC1B1D42C70011431F /* ViewController.swift */; };
		45B168F01B1D42C70011431F /* Main.storyboard in Resources */ = {isa = PBXBuildFile; fileRef = 45B168EE1B1D42C70011431F /* Main.storyboard */; };
		45B168F21B1D42C70011431F /* Images.xcassets in Resources */ = {isa = PBXBuildFile; fileRef = 45B168F11B1D42C70011431F /* Images.xcassets */; };
		45B168F51B1D42C70011431F /* LaunchScreen.xib in Resources */ = {isa = PBXBuildFile; fileRef = 45B168F31B1D42C70011431F /* LaunchScreen.xib */; };
		45B169011B1D42C70011431F /* WakeMeUpTests.swift in Sources */ = {isa = PBXBuildFile; fileRef = 45B169001B1D42C70011431F /* WakeMeUpTests.swift */; };
		45F0B91E1B2FBFB600F48C50 /* PickTime.swift in Sources */ = {isa = PBXBuildFile; fileRef = 45F0B91D1B2FBFB600F48C50 /* PickTime.swift */; };
/* End PBXBuildFile section */

/* Begin PBXContainerItemProxy section */
		45B168FB1B1D42C70011431F /* PBXContainerItemProxy */ = {
			isa = PBXContainerItemProxy;
			containerPortal = 45B168DD1B1D42C70011431F /* Project object */;
			proxyType = 1;
			remoteGlobalIDString = 45B168E41B1D42C70011431F;
			remoteInfo = WakeMeUp;
		};
/* End PBXContainerItemProxy section */

/* Begin PBXFileReference section */
		457D76C61B25407A00F1A57F /* clock.bmp */ = {isa = PBXFileReference; lastKnownFileType = image.bmp; name = clock.bmp; path = ../../clock.bmp; sourceTree = "<group>"; };
		457D76C81B2540CC00F1A57F /* clock.png */ = {isa = PBXFileReference; lastKnownFileType = image.png; name = clock.png; path = ../../clock.png; sourceTree = "<group>"; };
		45B168E51B1D42C70011431F /* WakeMeUp.app */ = {isa = PBXFileReference; explicitFileType = wrapper.application; includeInIndex = 0; path = WakeMeUp.app; sourceTree = BUILT_PRODUCTS_DIR; };
		45B168E91B1D42C70011431F /* Info.plist */ = {isa = PBXFileReference; lastKnownFileType = text.plist.xml; path = Info.plist; sourceTree = "<group>"; };
		45B168EA1B1D42C70011431F /* AppDelegate.swift */ = {isa = PBXFileReference; lastKnownFileType = sourcecode.swift; path = AppDelegate.swift; sourceTree = "<group>"; };
		45B168EC1B1D42C70011431F /* ViewController.swift */ = {isa = PBXFileReference; lastKnownFileType = sourcecode.swift; path = ViewController.swift; sourceTree = "<group>"; };
		45B168EF1B1D42C70011431F /* Base */ = {isa = PBXFileReference; lastKnownFileType = file.storyboard; name = Base; path = Base.lproj/Main.storyboard; sourceTree = "<group>"; };
		45B168F11B1D42C70011431F /* Images.xcassets */ = {isa = PBXFileReference; lastKnownFileType = folder.assetcatalog; path = Images.xcassets; sourceTree = "<group>"; };
		45B168F41B1D42C70011431F /* Base */ = {isa = PBXFileReference; lastKnownFileType = file.xib; name = Base; path = Base.lproj/LaunchScreen.xib; sourceTree = "<group>"; };
		45B168FA1B1D42C70011431F /* WakeMeUpTests.xctest */ = {isa = PBXFileReference; explicitFileType = wrapper.cfbundle; includeInIndex = 0; path = WakeMeUpTests.xctest; sourceTree = BUILT_PRODUCTS_DIR; };
		45B168FF1B1D42C70011431F /* Info.plist */ = {isa = PBXFileReference; lastKnownFileType = text.plist.xml; path = Info.plist; sourceTree = "<group>"; };
		45B169001B1D42C70011431F /* WakeMeUpTests.swift */ = {isa = PBXFileReference; lastKnownFileType = sourcecode.swift; path = WakeMeUpTests.swift; sourceTree = "<group>"; };
		45F0B91D1B2FBFB600F48C50 /* PickTime.swift */ = {isa = PBXFileReference; fileEncoding = 4; lastKnownFileType = sourcecode.swift; path = PickTime.swift; sourceTree = "<group>"; };
/* End PBXFileReference section */

/* Begin PBXFrameworksBuildPhase section */
		45B168E21B1D42C70011431F /* Frameworks */ = {
			isa = PBXFrameworksBuildPhase;
			buildActionMask = 2147483647;
			files = (
			);
			runOnlyForDeploymentPostprocessing = 0;
		};
		45B168F71B1D42C70011431F /* Frameworks */ = {
			isa = PBXFrameworksBuildPhase;
			buildActionMask = 2147483647;
			files = (
			);
			runOnlyForDeploymentPostprocessing = 0;
		};
/* End PBXFrameworksBuildPhase section */

/* Begin PBXGroup section */
		45B168DC1B1D42C70011431F = {
			isa = PBXGroup;
			children = (
				45B168E71B1D42C70011431F /* WakeMeUp */,
				45B168FD1B1D42C70011431F /* WakeMeUpTests */,
				45B168E61B1D42C70011431F /* Products */,
			);
			sourceTree = "<group>";
		};
		45B168E61B1D42C70011431F /* Products */ = {
			isa = PBXGroup;
			children = (
				45B168E51B1D42C70011431F /* WakeMeUp.app */,
				45B168FA1B1D42C70011431F /* WakeMeUpTests.xctest */,
			);
			name = Products;
			sourceTree = "<group>";
		};
		45B168E71B1D42C70011431F /* WakeMeUp */ = {
			isa = PBXGroup;
			children = (
				45B168EA1B1D42C70011431F /* AppDelegate.swift */,
				45B168EC1B1D42C70011431F /* ViewController.swift */,
				45B168EE1B1D42C70011431F /* Main.storyboard */,
				45F0B91D1B2FBFB600F48C50 /* PickTime.swift */,
				45B168F11B1D42C70011431F /* Images.xcassets */,
				45B168F31B1D42C70011431F /* LaunchScreen.xib */,
				45B168E81B1D42C70011431F /* Supporting Files */,
			);
			path = WakeMeUp;
			sourceTree = "<group>";
		};
		45B168E81B1D42C70011431F /* Supporting Files */ = {
			isa = PBXGroup;
			children = (
				457D76C81B2540CC00F1A57F /* clock.png */,
				457D76C61B25407A00F1A57F /* clock.bmp */,
				45B168E91B1D42C70011431F /* Info.plist */,
			);
			name = "Supporting Files";
			sourceTree = "<group>";
		};
		45B168FD1B1D42C70011431F /* WakeMeUpTests */ = {
			isa = PBXGroup;
			children = (
				45B169001B1D42C70011431F /* WakeMeUpTests.swift */,
				45B168FE1B1D42C70011431F /* Supporting Files */,
			);
			path = WakeMeUpTests;
			sourceTree = "<group>";
		};
		45B168FE1B1D42C70011431F /* Supporting Files */ = {
			isa = PBXGroup;
			children = (
				45B168FF1B1D42C70011431F /* Info.plist */,
			);
			name = "Supporting Files";
			sourceTree = "<group>";
		};
/* End PBXGroup section */

/* Begin PBXNativeTarget section */
		45B168E41B1D42C70011431F /* WakeMeUp */ = {
			isa = PBXNativeTarget;
			buildConfigurationList = 45B169041B1D42C70011431F /* Build configuration list for PBXNativeTarget "WakeMeUp" */;
			buildPhases = (
				45B168E11B1D42C70011431F /* Sources */,
				45B168E21B1D42C70011431F /* Frameworks */,
				45B168E31B1D42C70011431F /* Resources */,
			);
			buildRules = (
			);
			dependencies = (
			);
			name = WakeMeUp;
			productName = WakeMeUp;
			productReference = 45B168E51B1D42C70011431F /* WakeMeUp.app */;
			productType = "com.apple.product-type.application";
		};
		45B168F91B1D42C70011431F /* WakeMeUpTests */ = {
			isa = PBXNativeTarget;
			buildConfigurationList = 45B169071B1D42C70011431F /* Build configuration list for PBXNativeTarget "WakeMeUpTests" */;
			buildPhases = (
				45B168F61B1D42C70011431F /* Sources */,
				45B168F71B1D42C70011431F /* Frameworks */,
				45B168F81B1D42C70011431F /* Resources */,
			);
			buildRules = (
			);
			dependencies = (
				45B168FC1B1D42C70011431F /* PBXTargetDependency */,
			);
			name = WakeMeUpTests;
			productName = WakeMeUpTests;
			productReference = 45B168FA1B1D42C70011431F /* WakeMeUpTests.xctest */;
			productType = "com.apple.product-type.bundle.unit-test";
		};
/* End PBXNativeTarget section */

/* Begin PBXProject section */
		45B168DD1B1D42C70011431F /* Project object */ = {
			isa = PBXProject;
			attributes = {
				LastUpgradeCheck = 0630;
				ORGANIZATIONNAME = Olivia;
				TargetAttributes = {
					45B168E41B1D42C70011431F = {
						CreatedOnToolsVersion = 6.3.2;
					};
					45B168F91B1D42C70011431F = {
						CreatedOnToolsVersion = 6.3.2;
						TestTargetID = 45B168E41B1D42C70011431F;
					};
				};
			};
			buildConfigurationList = 45B168E01B1D42C70011431F /* Build configuration list for PBXProject "WakeMeUp" */;
			compatibilityVersion = "Xcode 3.2";
			developmentRegion = English;
			hasScannedForEncodings = 0;
			knownRegions = (
				en,
				Base,
			);
			mainGroup = 45B168DC1B1D42C70011431F;
			productRefGroup = 45B168E61B1D42C70011431F /* Products */;
			projectDirPath = "";
			projectRoot = "";
			targets = (
				45B168E41B1D42C70011431F /* WakeMeUp */,
				45B168F91B1D42C70011431F /* WakeMeUpTests */,
			);
		};
/* End PBXProject section */

/* Begin PBXResourcesBuildPhase section */
		45B168E31B1D42C70011431F /* Resources */ = {
			isa = PBXResourcesBuildPhase;
			buildActionMask = 2147483647;
			files = (
				45B168F01B1D42C70011431F /* Main.storyboard in Resources */,
				457D76C91B2540CC00F1A57F /* clock.png in Resources */,
				45B168F51B1D42C70011431F /* LaunchScreen.xib in Resources */,
				457D76C71B25407A00F1A57F /* clock.bmp in Resources */,
				45B168F21B1D42C70011431F /* Images.xcassets in Resources */,
			);
			runOnlyForDeploymentPostprocessing = 0;
		};
		45B168F81B1D42C70011431F /* Resources */ = {
			isa = PBXResourcesBuildPhase;
			buildActionMask = 2147483647;
			files = (
			);
			runOnlyForDeploymentPostprocessing = 0;
		};
/* End PBXResourcesBuildPhase section */

/* Begin PBXSourcesBuildPhase section */
		45B168E11B1D42C70011431F /* Sources */ = {
			isa = PBXSourcesBuildPhase;
			buildActionMask = 2147483647;
			files = (
				45B168ED1B1D42C70011431F /* ViewController.swift in Sources */,
				45B168EB1B1D42C70011431F /* AppDelegate.swift in Sources */,
				45F0B91E1B2FBFB600F48C50 /* PickTime.swift in Sources */,
			);
			runOnlyForDeploymentPostprocessing = 0;
		};
		45B168F61B1D42C70011431F /* Sources */ = {
			isa = PBXSourcesBuildPhase;
			buildActionMask = 2147483647;
			files = (
				45B169011B1D42C70011431F /* WakeMeUpTests.swift in Sources */,
			);
			runOnlyForDeploymentPostprocessing = 0;
		};
/* End PBXSourcesBuildPhase section */

/* Begin PBXTargetDependency section */
		45B168FC1B1D42C70011431F /* PBXTargetDependency */ = {
			isa = PBXTargetDependency;
			target = 45B168E41B1D42C70011431F /* WakeMeUp */;
			targetProxy = 45B168FB1B1D42C70011431F /* PBXContainerItemProxy */;
		};
/* End PBXTargetDependency section */

/* Begin PBXVariantGroup section */
		45B168EE1B1D42C70011431F /* Main.storyboard */ = {
			isa = PBXVariantGroup;
			children = (
				45B168EF1B1D42C70011431F /* Base */,
			);
			name = Main.storyboard;
			sourceTree = "<group>";
		};
		45B168F31B1D42C70011431F /* LaunchScreen.xib */ = {
			isa = PBXVariantGroup;
			children = (
				45B168F41B1D42C70011431F /* Base */,
			);
			name = LaunchScreen.xib;
			sourceTree = "<group>";
		};
/* End PBXVariantGroup section */

/* Begin XCBuildConfiguration section */
		45B169021B1D42C70011431F /* Debug */ = {
			isa = XCBuildConfiguration;
			buildSettings = {
				ALWAYS_SEARCH_USER_PATHS = NO;
				CLANG_CXX_LANGUAGE_STANDARD = "gnu++0x";
				CLANG_CXX_LIBRARY = "libc++";
				CLANG_ENABLE_MODULES = YES;
				CLANG_ENABLE_OBJC_ARC = YES;
				CLANG_WARN_BOOL_CONVERSION = YES;
				CLANG_WARN_CONSTANT_CONVERSION = YES;
				CLANG_WARN_DIRECT_OBJC_ISA_USAGE = YES_ERROR;
				CLANG_WARN_EMPTY_BODY = YES;
				CLANG_WARN_ENUM_CONVERSION = YES;
				CLANG_WARN_INT_CONVERSION = YES;
				CLANG_WARN_OBJC_ROOT_CLASS = YES_ERROR;
				CLANG_WARN_UNREACHABLE_CODE = YES;
				CLANG_WARN__DUPLICATE_METHOD_MATCH = YES;
				"CODE_SIGN_IDENTITY[sdk=iphoneos*]" = "iPhone Developer";
				COPY_PHASE_STRIP = NO;
				DEBUG_INFORMATION_FORMAT = "dwarf-with-dsym";
				ENABLE_STRICT_OBJC_MSGSEND = YES;
				GCC_C_LANGUAGE_STANDARD = gnu99;
				GCC_DYNAMIC_NO_PIC = NO;
				GCC_NO_COMMON_BLOCKS = YES;
				GCC_OPTIMIZATION_LEVEL = 0;
				GCC_PREPROCESSOR_DEFINITIONS = (
					"DEBUG=1",
					"$(inherited)",
				);
				GCC_SYMBOLS_PRIVATE_EXTERN = NO;
				GCC_WARN_64_TO_32_BIT_CONVERSION = YES;
				GCC_WARN_ABOUT_RETURN_TYPE = YES_ERROR;
				GCC_WARN_UNDECLARED_SELECTOR = YES;
				GCC_WARN_UNINITIALIZED_AUTOS = YES_AGGRESSIVE;
				GCC_WARN_UNUSED_FUNCTION = YES;
				GCC_WARN_UNUSED_VARIABLE = YES;
				IPHONEOS_DEPLOYMENT_TARGET = 8.3;
				MTL_ENABLE_DEBUG_INFO = YES;
				ONLY_ACTIVE_ARCH = YES;
				SDKROOT = iphoneos;
				SWIFT_OPTIMIZATION_LEVEL = "-Onone";
			};
			name = Debug;
		};
		45B169031B1D42C70011431F /* Release */ = {
			isa = XCBuildConfiguration;
			buildSettings = {
				ALWAYS_SEARCH_USER_PATHS = NO;
				CLANG_CXX_LANGUAGE_STANDARD = "gnu++0x";
				CLANG_CXX_LIBRARY = "libc++";
				CLANG_ENABLE_MODULES = YES;
				CLANG_ENABLE_OBJC_ARC = YES;
				CLANG_WARN_BOOL_CONVERSION = YES;
				CLANG_WARN_CONSTANT_CONVERSION = YES;
				CLANG_WARN_DIRECT_OBJC_ISA_USAGE = YES_ERROR;
				CLANG_WARN_EMPTY_BODY = YES;
				CLANG_WARN_ENUM_CONVERSION = YES;
				CLANG_WARN_INT_CONVERSION = YES;
				CLANG_WARN_OBJC_ROOT_CLASS = YES_ERROR;
				CLANG_WARN_UNREACHABLE_CODE = YES;
				CLANG_WARN__DUPLICATE_METHOD_MATCH = YES;
				"CODE_SIGN_IDENTITY[sdk=iphoneos*]" = "iPhone Developer";
				COPY_PHASE_STRIP = NO;
				DEBUG_INFORMATION_FORMAT = "dwarf-with-dsym";
				ENABLE_NS_ASSERTIONS = NO;
				ENABLE_STRICT_OBJC_MSGSEND = YES;
				GCC_C_LANGUAGE_STANDARD = gnu99;
				GCC_NO_COMMON_BLOCKS = YES;
				GCC_WARN_64_TO_32_BIT_CONVERSION = YES;
				GCC_WARN_ABOUT_RETURN_TYPE = YES_ERROR;
				GCC_WARN_UNDECLARED_SELECTOR = YES;
				GCC_WARN_UNINITIALIZED_AUTOS = YES_AGGRESSIVE;
				GCC_WARN_UNUSED_FUNCTION = YES;
				GCC_WARN_UNUSED_VARIABLE = YES;
				IPHONEOS_DEPLOYMENT_TARGET = 8.3;
				MTL_ENABLE_DEBUG_INFO = NO;
				SDKROOT = iphoneos;
				VALIDATE_PRODUCT = YES;
			};
			name = Release;
		};
		45B169051B1D42C70011431F /* Debug */ = {
			isa = XCBuildConfiguration;
			buildSettings = {
				ASSETCATALOG_COMPILER_APPICON_NAME = AppIcon;
				INFOPLIST_FILE = WakeMeUp/Info.plist;
				LD_RUNPATH_SEARCH_PATHS = "$(inherited) @executable_path/Frameworks";
				PRODUCT_NAME = "$(TARGET_NAME)";
				TARGETED_DEVICE_FAMILY = 1;
			};
			name = Debug;
		};
		45B169061B1D42C70011431F /* Release */ = {
			isa = XCBuildConfiguration;
			buildSettings = {
				ASSETCATALOG_COMPILER_APPICON_NAME = AppIcon;
				INFOPLIST_FILE = WakeMeUp/Info.plist;
				LD_RUNPATH_SEARCH_PATHS = "$(inherited) @executable_path/Frameworks";
				PRODUCT_NAME = "$(TARGET_NAME)";
				TARGETED_DEVICE_FAMILY = 1;
			};
			name = Release;
		};
		45B169081B1D42C70011431F /* Debug */ = {
			isa = XCBuildConfiguration;
			buildSettings = {
				BUNDLE_LOADER = "$(TEST_HOST)";
				FRAMEWORK_SEARCH_PATHS = (
					"$(SDKROOT)/Developer/Library/Frameworks",
					"$(inherited)",
				);
				GCC_PREPROCESSOR_DEFINITIONS = (
					"DEBUG=1",
					"$(inherited)",
				);
				INFOPLIST_FILE = WakeMeUpTests/Info.plist;
				LD_RUNPATH_SEARCH_PATHS = "$(inherited) @executable_path/Frameworks @loader_path/Frameworks";
				PRODUCT_NAME = "$(TARGET_NAME)";
				TEST_HOST = "$(BUILT_PRODUCTS_DIR)/WakeMeUp.app/WakeMeUp";
			};
			name = Debug;
		};
		45B169091B1D42C70011431F /* Release */ = {
			isa = XCBuildConfiguration;
			buildSettings = {
				BUNDLE_LOADER = "$(TEST_HOST)";
				FRAMEWORK_SEARCH_PATHS = (
					"$(SDKROOT)/Developer/Library/Frameworks",
					"$(inherited)",
				);
				INFOPLIST_FILE = WakeMeUpTests/Info.plist;
				LD_RUNPATH_SEARCH_PATHS = "$(inherited) @executable_path/Frameworks @loader_path/Frameworks";
				PRODUCT_NAME = "$(TARGET_NAME)";
				TEST_HOST = "$(BUILT_PRODUCTS_DIR)/WakeMeUp.app/WakeMeUp";
			};
			name = Release;
		};
/* End XCBuildConfiguration section */

/* Begin XCConfigurationList section */
		45B168E01B1D42C70011431F /* Build configuration list for PBXProject "WakeMeUp" */ = {
			isa = XCConfigurationList;
			buildConfigurations = (
				45B169021B1D42C70011431F /* Debug */,
				45B169031B1D42C70011431F /* Release */,
			);
			defaultConfigurationIsVisible = 0;
			defaultConfigurationName = Release;
		};
		45B169041B1D42C70011431F /* Build configuration list for PBXNativeTarget "WakeMeUp" */ = {
			isa = XCConfigurationList;
			buildConfigurations = (
				45B169051B1D42C70011431F /* Debug */,
				45B169061B1D42C70011431F /* Release */,
			);
			defaultConfigurationIsVisible = 0;
			defaultConfigurationName = Release;
		};
		45B169071B1D42C70011431F /* Build configuration list for PBXNativeTarget "WakeMeUpTests" */ = {
			isa = XCConfigurationList;
			buildConfigurations = (
				45B169081B1D42C70011431F /* Debug */,
				45B169091B1D42C70011431F /* Release */,
			);
			defaultConfigurationIsVisible = 0;
			defaultConfigurationName = Release;
		};
/* End XCConfigurationList section */
	};
	rootObject = 45B168DD1B1D42C70011431F /* Project object */;
}
